{
  "originHash" : "8136f4350c7b746f8a6bfb9ad7b6473b656e39e2c5bf8fed118646234dbac7b0",
  "pins" : [
    {
      "identity" : "discriminatedenum",
      "kind" : "remoteSourceControl",
      "location" : "https://github.com/elyukai/DiscriminatedEnum.git",
      "state" : {
        "branch" : "main",
        "revision" : "0043d48d48f9880cb18198e173c479f27040b901"
      }
    },
    {
      "identity" : "swift-syntax",
      "kind" : "remoteSourceControl",
      "location" : "https://github.com/swiftlang/swift-syntax.git",
      "state" : {
        "revision" : "0687f71944021d616d34d922343dcef086855920",
        "version" : "600.0.1"
      }
    }
  ],
  "version" : 3
}
